
Microsoft Visual Studio Solution File, Format Version 12.00
# Visual Studio Version 16
VisualStudioVersion = 16.0.29319.158
MinimumVisualStudioVersion = 10.0.40219.1
Project("{FAE04EC0-301F-11D3-BF4B-00C04F79EFBC}") = "WorkingWithVisualStudio", "WorkingWithVisualStudio.csproj", "{30017F99-89FE-4725-BB0A-DF22B4A02A27}"
EndProject
Global
	GlobalSection(SolutionConfigurationPlatforms) = preSolution
		Debug|Any CPU = Debug|Any CPU
		Release|Any CPU = Release|Any CPU
	EndGlobalSection
	GlobalSection(ProjectConfigurationPlatforms) = postSolution
		{30017F99-89FE-4725-BB0A-DF22B4A02A27}.Debug|Any CPU.ActiveCfg = Debug|Any CPU
		{30017F99-89FE-4725-BB0A-DF22B4A02A27}.Debug|Any CPU.Build.0 = Debug|Any CPU
		{30017F99-89FE-4725-BB0A-DF22B4A02A27}.Release|Any CPU.ActiveCfg = Release|Any CPU
		{30017F99-89FE-4725-BB0A-DF22B4A02A27}.Release|Any CPU.Build.0 = Release|Any CPU
	EndGlobalSection
	GlobalSection(SolutionProperties) = preSolution
		HideSolutionNode = FALSE
	EndGlobalSection
	GlobalSection(ExtensibilityGlobals) = postSolution
		SolutionGuid = {5D61A11C-8F3A-428B-B338-D1BC224805AC}
	EndGlobalSection
EndGlobal
