
Microsoft Visual Studio Solution File, Format Version 12.00
# Visual Studio Version 16
VisualStudioVersion = 16.0.29319.158
MinimumVisualStudioVersion = 10.0.40219.1
Project("{FAE04EC0-301F-11D3-BF4B-00C04F79EFBC}") = "Views", "Views.csproj", "{1EA13A9D-2362-4EC9-BE86-A5F32D4AD40A}"
EndProject
Global
	GlobalSection(SolutionConfigurationPlatforms) = preSolution
		Debug|Any CPU = Debug|Any CPU
		Release|Any CPU = Release|Any CPU
	EndGlobalSection
	GlobalSection(ProjectConfigurationPlatforms) = postSolution
		{1EA13A9D-2362-4EC9-BE86-A5F32D4AD40A}.Debug|Any CPU.ActiveCfg = Debug|Any CPU
		{1EA13A9D-2362-4EC9-BE86-A5F32D4AD40A}.Debug|Any CPU.Build.0 = Debug|Any CPU
		{1EA13A9D-2362-4EC9-BE86-A5F32D4AD40A}.Release|Any CPU.ActiveCfg = Release|Any CPU
		{1EA13A9D-2362-4EC9-BE86-A5F32D4AD40A}.Release|Any CPU.Build.0 = Release|Any CPU
	EndGlobalSection
	GlobalSection(SolutionProperties) = preSolution
		HideSolutionNode = FALSE
	EndGlobalSection
	GlobalSection(ExtensibilityGlobals) = postSolution
		SolutionGuid = {13715597-2B02-444B-8B30-10912F3DAC93}
	EndGlobalSection
EndGlobal
