
Microsoft Visual Studio Solution File, Format Version 12.00
# Visual Studio Version 16
VisualStudioVersion = 16.0.29319.158
MinimumVisualStudioVersion = 10.0.40219.1
Project("{FAE04EC0-301F-11D3-BF4B-00C04F79EFBC}") = "Dependencyinjection", "Dependencyinjection.csproj", "{7E9BEA52-DBF0-4A47-AA84-05A5F40738A0}"
EndProject
Global
	GlobalSection(SolutionConfigurationPlatforms) = preSolution
		Debug|Any CPU = Debug|Any CPU
		Release|Any CPU = Release|Any CPU
	EndGlobalSection
	GlobalSection(ProjectConfigurationPlatforms) = postSolution
		{7E9BEA52-DBF0-4A47-AA84-05A5F40738A0}.Debug|Any CPU.ActiveCfg = Debug|Any CPU
		{7E9BEA52-DBF0-4A47-AA84-05A5F40738A0}.Debug|Any CPU.Build.0 = Debug|Any CPU
		{7E9BEA52-DBF0-4A47-AA84-05A5F40738A0}.Release|Any CPU.ActiveCfg = Release|Any CPU
		{7E9BEA52-DBF0-4A47-AA84-05A5F40738A0}.Release|Any CPU.Build.0 = Release|Any CPU
	EndGlobalSection
	GlobalSection(SolutionProperties) = preSolution
		HideSolutionNode = FALSE
	EndGlobalSection
	GlobalSection(ExtensibilityGlobals) = postSolution
		SolutionGuid = {D1860F25-528F-4227-8F5F-9EC3F8C3864F}
	EndGlobalSection
EndGlobal
