
Microsoft Visual Studio Solution File, Format Version 12.00
# Visual Studio Version 16
VisualStudioVersion = 16.0.29319.158
MinimumVisualStudioVersion = 10.0.40219.1
Project("{FAE04EC0-301F-11D3-BF4B-00C04F79EFBC}") = "SportsStore", "SportsStore\SportsStore.csproj", "{BBE4D6C1-90C8-468C-9048-9AA895EAB5B5}"
EndProject
Project("{FAE04EC0-301F-11D3-BF4B-00C04F79EFBC}") = "SportsStore.Tests", "SportsStore.Tests\SportsStore.Tests.csproj", "{4070107F-DB99-439C-9657-3F71511BD981}"
EndProject
Global
	GlobalSection(SolutionConfigurationPlatforms) = preSolution
		Debug|Any CPU = Debug|Any CPU
		Release|Any CPU = Release|Any CPU
	EndGlobalSection
	GlobalSection(ProjectConfigurationPlatforms) = postSolution
		{BBE4D6C1-90C8-468C-9048-9AA895EAB5B5}.Debug|Any CPU.ActiveCfg = Debug|Any CPU
		{BBE4D6C1-90C8-468C-9048-9AA895EAB5B5}.Debug|Any CPU.Build.0 = Debug|Any CPU
		{BBE4D6C1-90C8-468C-9048-9AA895EAB5B5}.Release|Any CPU.ActiveCfg = Release|Any CPU
		{BBE4D6C1-90C8-468C-9048-9AA895EAB5B5}.Release|Any CPU.Build.0 = Release|Any CPU
		{4070107F-DB99-439C-9657-3F71511BD981}.Debug|Any CPU.ActiveCfg = Debug|Any CPU
		{4070107F-DB99-439C-9657-3F71511BD981}.Debug|Any CPU.Build.0 = Debug|Any CPU
		{4070107F-DB99-439C-9657-3F71511BD981}.Release|Any CPU.ActiveCfg = Release|Any CPU
		{4070107F-DB99-439C-9657-3F71511BD981}.Release|Any CPU.Build.0 = Release|Any CPU
	EndGlobalSection
	GlobalSection(SolutionProperties) = preSolution
		HideSolutionNode = FALSE
	EndGlobalSection
	GlobalSection(ExtensibilityGlobals) = postSolution
		SolutionGuid = {815A689C-2F5F-4880-81E7-A2003237B0E3}
	EndGlobalSection
EndGlobal
