
Microsoft Visual Studio Solution File, Format Version 12.00
# Visual Studio Version 16
VisualStudioVersion = 16.0.29319.158
MinimumVisualStudioVersion = 10.0.40219.1
Project("{FAE04EC0-301F-11D3-BF4B-00C04F79EFBC}") = "PartyInvates", "PartyInvates\PartyInvates.csproj", "{1E746C53-AE5F-4C75-A121-CFDFD64C4706}"
EndProject
Global
	GlobalSection(SolutionConfigurationPlatforms) = preSolution
		Debug|Any CPU = Debug|Any CPU
		Release|Any CPU = Release|Any CPU
	EndGlobalSection
	GlobalSection(ProjectConfigurationPlatforms) = postSolution
		{1E746C53-AE5F-4C75-A121-CFDFD64C4706}.Debug|Any CPU.ActiveCfg = Debug|Any CPU
		{1E746C53-AE5F-4C75-A121-CFDFD64C4706}.Debug|Any CPU.Build.0 = Debug|Any CPU
		{1E746C53-AE5F-4C75-A121-CFDFD64C4706}.Release|Any CPU.ActiveCfg = Release|Any CPU
		{1E746C53-AE5F-4C75-A121-CFDFD64C4706}.Release|Any CPU.Build.0 = Release|Any CPU
	EndGlobalSection
	GlobalSection(SolutionProperties) = preSolution
		HideSolutionNode = FALSE
	EndGlobalSection
	GlobalSection(ExtensibilityGlobals) = postSolution
		SolutionGuid = {5A14B7C0-807D-4CD2-A748-F8872B0C9905}
	EndGlobalSection
EndGlobal
